
Microsoft Visual Studio Solution File, Format Version 12.00
# Visual Studio Version 16
VisualStudioVersion = 16.0.30621.155
MinimumVisualStudioVersion = 10.0.40219.1
Project("{FAE04EC0-301F-11D3-BF4B-00C04F79EFBC}") = "StarCarHire", "StarCarHire\StarCarHire.csproj", "{9D73B76B-806C-4B3C-ABC1-C74175EFF996}"
EndProject
Global
	GlobalSection(SolutionConfigurationPlatforms) = preSolution
		Debug|Any CPU = Debug|Any CPU
		Release|Any CPU = Release|Any CPU
	EndGlobalSection
	GlobalSection(ProjectConfigurationPlatforms) = postSolution
		{9D73B76B-806C-4B3C-ABC1-C74175EFF996}.Debug|Any CPU.ActiveCfg = Debug|Any CPU
		{9D73B76B-806C-4B3C-ABC1-C74175EFF996}.Debug|Any CPU.Build.0 = Debug|Any CPU
		{9D73B76B-806C-4B3C-ABC1-C74175EFF996}.Release|Any CPU.ActiveCfg = Release|Any CPU
		{9D73B76B-806C-4B3C-ABC1-C74175EFF996}.Release|Any CPU.Build.0 = Release|Any CPU
	EndGlobalSection
	GlobalSection(SolutionProperties) = preSolution
		HideSolutionNode = FALSE
	EndGlobalSection
	GlobalSection(ExtensibilityGlobals) = postSolution
		SolutionGuid = {06C3541F-922E-4D86-9AB6-EBE8E7E9B7E5}
	EndGlobalSection
EndGlobal
